// !$*UTF8*$!
{
	archiveVersion = 1;
	classes = {
	};
	objectVersion = 48;
	objects = {

/* Begin PBXBuildFile section */
		A214A34D1FF4A0630099C245 /* AppDelegate.swift in Sources */ = {isa = PBXBuildFile; fileRef = A214A34C1FF4A0630099C245 /* AppDelegate.swift */; };
		A214A34F1FF4A0630099C245 /* ViewController.swift in Sources */ = {isa = PBXBuildFile; fileRef = A214A34E1FF4A0630099C245 /* ViewController.swift */; };
		A214A3521FF4A0630099C245 /* Main.storyboard in Resources */ = {isa = PBXBuildFile; fileRef = A214A3501FF4A0630099C245 /* Main.storyboard */; };
		A214A3541FF4A0630099C245 /* Assets.xcassets in Resources */ = {isa = PBXBuildFile; fileRef = A214A3531FF4A0630099C245 /* Assets.xcassets */; };
		A214A3571FF4A0630099C245 /* LaunchScreen.storyboard in Resources */ = {isa = PBXBuildFile; fileRef = A214A3551FF4A0630099C245 /* LaunchScreen.storyboard */; };
		A214A3621FF4A0630099C245 /* tippyTests.swift in Sources */ = {isa = PBXBuildFile; fileRef = A214A3611FF4A0630099C245 /* tippyTests.swift */; };
		A214A36D1FF4A0630099C245 /* tippyUITests.swift in Sources */ = {isa = PBXBuildFile; fileRef = A214A36C1FF4A0630099C245 /* tippyUITests.swift */; };
		A24A5BEE1FF8DC6C009E63FD /* SettingsViewController.swift in Sources */ = {isa = PBXBuildFile; fileRef = A24A5BED1FF8DC6C009E63FD /* SettingsViewController.swift */; };
/* End PBXBuildFile section */

/* Begin PBXContainerItemProxy section */
		A214A35E1FF4A0630099C245 /* PBXContainerItemProxy */ = {
			isa = PBXContainerItemProxy;
			containerPortal = A214A3411FF4A0630099C245 /* Project object */;
			proxyType = 1;
			remoteGlobalIDString = A214A3481FF4A0630099C245;
			remoteInfo = tippy;
		};
		A214A3691FF4A0630099C245 /* PBXContainerItemProxy */ = {
			isa = PBXContainerItemProxy;
			containerPortal = A214A3411FF4A0630099C245 /* Project object */;
			proxyType = 1;
			remoteGlobalIDString = A214A3481FF4A0630099C245;
			remoteInfo = tippy;
		};
/* End PBXContainerItemProxy section */

/* Begin PBXFileReference section */
		A214A3491FF4A0630099C245 /* tippy.app */ = {isa = PBXFileReference; explicitFileType = wrapper.application; includeInIndex = 0; path = tippy.app; sourceTree = BUILT_PRODUCTS_DIR; };
		A214A34C1FF4A0630099C245 /* AppDelegate.swift */ = {isa = PBXFileReference; lastKnownFileType = sourcecode.swift; path = AppDelegate.swift; sourceTree = "<group>"; };
		A214A34E1FF4A0630099C245 /* ViewController.swift */ = {isa = PBXFileReference; lastKnownFileType = sourcecode.swift; path = ViewController.swift; sourceTree = "<group>"; };
		A214A3511FF4A0630099C245 /* Base */ = {isa = PBXFileReference; lastKnownFileType = file.storyboard; name = Base; path = Base.lproj/Main.storyboard; sourceTree = "<group>"; };
		A214A3531FF4A0630099C245 /* Assets.xcassets */ = {isa = PBXFileReference; lastKnownFileType = folder.assetcatalog; path = Assets.xcassets; sourceTree = "<group>"; };
		A214A3561FF4A0630099C245 /* Base */ = {isa = PBXFileReference; lastKnownFileType = file.storyboard; name = Base; path = Base.lproj/LaunchScreen.storyboard; sourceTree = "<group>"; };
		A214A3581FF4A0630099C245 /* Info.plist */ = {isa = PBXFileReference; lastKnownFileType = text.plist.xml; path = Info.plist; sourceTree = "<group>"; };
		A214A35D1FF4A0630099C245 /* tippyTests.xctest */ = {isa = PBXFileReference; explicitFileType = wrapper.cfbundle; includeInIndex = 0; path = tippyTests.xctest; sourceTree = BUILT_PRODUCTS_DIR; };
		A214A3611FF4A0630099C245 /* tippyTests.swift */ = {isa = PBXFileReference; lastKnownFileType = sourcecode.swift; path = tippyTests.swift; sourceTree = "<group>"; };
		A214A3631FF4A0630099C245 /* Info.plist */ = {isa = PBXFileReference; lastKnownFileType = text.plist.xml; path = Info.plist; sourceTree = "<group>"; };
		A214A3681FF4A0630099C245 /* tippyUITests.xctest */ = {isa = PBXFileReference; explicitFileType = wrapper.cfbundle; includeInIndex = 0; path = tippyUITests.xctest; sourceTree = BUILT_PRODUCTS_DIR; };
		A214A36C1FF4A0630099C245 /* tippyUITests.swift */ = {isa = PBXFileReference; lastKnownFileType = sourcecode.swift; path = tippyUITests.swift; sourceTree = "<group>"; };
		A214A36E1FF4A0630099C245 /* Info.plist */ = {isa = PBXFileReference; lastKnownFileType = text.plist.xml; path = Info.plist; sourceTree = "<group>"; };
		A24A5BED1FF8DC6C009E63FD /* SettingsViewController.swift */ = {isa = PBXFileReference; lastKnownFileType = sourcecode.swift; path = SettingsViewController.swift; sourceTree = "<group>"; };
/* End PBXFileReference section */

/* Begin PBXFrameworksBuildPhase section */
		A214A3461FF4A0630099C245 /* Frameworks */ = {
			isa = PBXFrameworksBuildPhase;
			buildActionMask = 2147483647;
			files = (
			);
			runOnlyForDeploymentPostprocessing = 0;
		};
		A214A35A1FF4A0630099C245 /* Frameworks */ = {
			isa = PBXFrameworksBuildPhase;
			buildActionMask = 2147483647;
			files = (
			);
			runOnlyForDeploymentPostprocessing = 0;
		};
		A214A3651FF4A0630099C245 /* Frameworks */ = {
			isa = PBXFrameworksBuildPhase;
			buildActionMask = 2147483647;
			files = (
			);
			runOnlyForDeploymentPostprocessing = 0;
		};
/* End PBXFrameworksBuildPhase section */

/* Begin PBXGroup section */
		A214A3401FF4A0630099C245 = {
			isa = PBXGroup;
			children = (
				A214A34B1FF4A0630099C245 /* tippy */,
				A214A3601FF4A0630099C245 /* tippyTests */,
				A214A36B1FF4A0630099C245 /* tippyUITests */,
				A214A34A1FF4A0630099C245 /* Products */,
			);
			sourceTree = "<group>";
		};
		A214A34A1FF4A0630099C245 /* Products */ = {
			isa = PBXGroup;
			children = (
				A214A3491FF4A0630099C245 /* tippy.app */,
				A214A35D1FF4A0630099C245 /* tippyTests.xctest */,
				A214A3681FF4A0630099C245 /* tippyUITests.xctest */,
			);
			name = Products;
			sourceTree = "<group>";
		};
		A214A34B1FF4A0630099C245 /* tippy */ = {
			isa = PBXGroup;
			children = (
				A214A34C1FF4A0630099C245 /* AppDelegate.swift */,
				A214A34E1FF4A0630099C245 /* ViewController.swift */,
				A24A5BED1FF8DC6C009E63FD /* SettingsViewController.swift */,
				A214A3501FF4A0630099C245 /* Main.storyboard */,
				A214A3531FF4A0630099C245 /* Assets.xcassets */,
				A214A3551FF4A0630099C245 /* LaunchScreen.storyboard */,
				A214A3581FF4A0630099C245 /* Info.plist */,
			);
			path = tippy;
			sourceTree = "<group>";
		};
		A214A3601FF4A0630099C245 /* tippyTests */ = {
			isa = PBXGroup;
			children = (
				A214A3611FF4A0630099C245 /* tippyTests.swift */,
				A214A3631FF4A0630099C245 /* Info.plist */,
			);
			path = tippyTests;
			sourceTree = "<group>";
		};
		A214A36B1FF4A0630099C245 /* tippyUITests */ = {
			isa = PBXGroup;
			children = (
				A214A36C1FF4A0630099C245 /* tippyUITests.swift */,
				A214A36E1FF4A0630099C245 /* Info.plist */,
			);
			path = tippyUITests;
			sourceTree = "<group>";
		};
/* End PBXGroup section */

/* Begin PBXNativeTarget section */
		A214A3481FF4A0630099C245 /* tippy */ = {
			isa = PBXNativeTarget;
			buildConfigurationList = A214A3711FF4A0630099C245 /* Build configuration list for PBXNativeTarget "tippy" */;
			buildPhases = (
				A214A3451FF4A0630099C245 /* Sources */,
				A214A3461FF4A0630099C245 /* Frameworks */,
				A214A3471FF4A0630099C245 /* Resources */,
			);
			buildRules = (
			);
			dependencies = (
			);
			name = tippy;
			productName = tippy;
			productReference = A214A3491FF4A0630099C245 /* tippy.app */;
			productType = "com.apple.product-type.application";
		};
		A214A35C1FF4A0630099C245 /* tippyTests */ = {
			isa = PBXNativeTarget;
			buildConfigurationList = A214A3741FF4A0630099C245 /* Build configuration list for PBXNativeTarget "tippyTests" */;
			buildPhases = (
				A214A3591FF4A0630099C245 /* Sources */,
				A214A35A1FF4A0630099C245 /* Frameworks */,
				A214A35B1FF4A0630099C245 /* Resources */,
			);
			buildRules = (
			);
			dependencies = (
				A214A35F1FF4A0630099C245 /* PBXTargetDependency */,
			);
			name = tippyTests;
			productName = tippyTests;
			productReference = A214A35D1FF4A0630099C245 /* tippyTests.xctest */;
			productType = "com.apple.product-type.bundle.unit-test";
		};
		A214A3671FF4A0630099C245 /* tippyUITests */ = {
			isa = PBXNativeTarget;
			buildConfigurationList = A214A3771FF4A0630099C245 /* Build configuration list for PBXNativeTarget "tippyUITests" */;
			buildPhases = (
				A214A3641FF4A0630099C245 /* Sources */,
				A214A3651FF4A0630099C245 /* Frameworks */,
				A214A3661FF4A0630099C245 /* Resources */,
			);
			buildRules = (
			);
			dependencies = (
				A214A36A1FF4A0630099C245 /* PBXTargetDependency */,
			);
			name = tippyUITests;
			productName = tippyUITests;
			productReference = A214A3681FF4A0630099C245 /* tippyUITests.xctest */;
			productType = "com.apple.product-type.bundle.ui-testing";
		};
/* End PBXNativeTarget section */

/* Begin PBXProject section */
		A214A3411FF4A0630099C245 /* Project object */ = {
			isa = PBXProject;
			attributes = {
				LastSwiftUpdateCheck = 0920;
				LastUpgradeCheck = 0920;
				ORGANIZATIONNAME = "Manzala Kazmi-Shah";
				TargetAttributes = {
					A214A3481FF4A0630099C245 = {
						CreatedOnToolsVersion = 9.2;
						ProvisioningStyle = Automatic;
					};
					A214A35C1FF4A0630099C245 = {
						CreatedOnToolsVersion = 9.2;
						ProvisioningStyle = Automatic;
						TestTargetID = A214A3481FF4A0630099C245;
					};
					A214A3671FF4A0630099C245 = {
						CreatedOnToolsVersion = 9.2;
						ProvisioningStyle = Automatic;
						TestTargetID = A214A3481FF4A0630099C245;
					};
				};
			};
			buildConfigurationList = A214A3441FF4A0630099C245 /* Build configuration list for PBXProject "tippy" */;
			compatibilityVersion = "Xcode 8.0";
			developmentRegion = en;
			hasScannedForEncodings = 0;
			knownRegions = (
				en,
				Base,
			);
			mainGroup = A214A3401FF4A0630099C245;
			productRefGroup = A214A34A1FF4A0630099C245 /* Products */;
			projectDirPath = "";
			projectRoot = "";
			targets = (
				A214A3481FF4A0630099C245 /* tippy */,
				A214A35C1FF4A0630099C245 /* tippyTests */,
				A214A3671FF4A0630099C245 /* tippyUITests */,
			);
		};
/* End PBXProject section */

/* Begin PBXResourcesBuildPhase section */
		A214A3471FF4A0630099C245 /* Resources */ = {
			isa = PBXResourcesBuildPhase;
			buildActionMask = 2147483647;
			files = (
				A214A3571FF4A0630099C245 /* LaunchScreen.storyboard in Resources */,
				A214A3541FF4A0630099C245 /* Assets.xcassets in Resources */,
				A214A3521FF4A0630099C245 /* Main.storyboard in Resources */,
			);
			runOnlyForDeploymentPostprocessing = 0;
		};
		A214A35B1FF4A0630099C245 /* Resources */ = {
			isa = PBXResourcesBuildPhase;
			buildActionMask = 2147483647;
			files = (
			);
			runOnlyForDeploymentPostprocessing = 0;
		};
		A214A3661FF4A0630099C245 /* Resources */ = {
			isa = PBXResourcesBuildPhase;
			buildActionMask = 2147483647;
			files = (
			);
			runOnlyForDeploymentPostprocessing = 0;
		};
/* End PBXResourcesBuildPhase section */

/* Begin PBXSourcesBuildPhase section */
		A214A3451FF4A0630099C245 /* Sources */ = {
			isa = PBXSourcesBuildPhase;
			buildActionMask = 2147483647;
			files = (
				A24A5BEE1FF8DC6C009E63FD /* SettingsViewController.swift in Sources */,
				A214A34F1FF4A0630099C245 /* ViewController.swift in Sources */,
				A214A34D1FF4A0630099C245 /* AppDelegate.swift in Sources */,
			);
			runOnlyForDeploymentPostprocessing = 0;
		};
		A214A3591FF4A0630099C245 /* Sources */ = {
			isa = PBXSourcesBuildPhase;
			buildActionMask = 2147483647;
			files = (
				A214A3621FF4A0630099C245 /* tippyTests.swift in Sources */,
			);
			runOnlyForDeploymentPostprocessing = 0;
		};
		A214A3641FF4A0630099C245 /* Sources */ = {
			isa = PBXSourcesBuildPhase;
			buildActionMask = 2147483647;
			files = (
				A214A36D1FF4A0630099C245 /* tippyUITests.swift in Sources */,
			);
			runOnlyForDeploymentPostprocessing = 0;
		};
/* End PBXSourcesBuildPhase section */

/* Begin PBXTargetDependency section */
		A214A35F1FF4A0630099C245 /* PBXTargetDependency */ = {
			isa = PBXTargetDependency;
			target = A214A3481FF4A0630099C245 /* tippy */;
			targetProxy = A214A35E1FF4A0630099C245 /* PBXContainerItemProxy */;
		};
		A214A36A1FF4A0630099C245 /* PBXTargetDependency */ = {
			isa = PBXTargetDependency;
			target = A214A3481FF4A0630099C245 /* tippy */;
			targetProxy = A214A3691FF4A0630099C245 /* PBXContainerItemProxy */;
		};
/* End PBXTargetDependency section */

/* Begin PBXVariantGroup section */
		A214A3501FF4A0630099C245 /* Main.storyboard */ = {
			isa = PBXVariantGroup;
			children = (
				A214A3511FF4A0630099C245 /* Base */,
			);
			name = Main.storyboard;
			sourceTree = "<group>";
		};
		A214A3551FF4A0630099C245 /* LaunchScreen.storyboard */ = {
			isa = PBXVariantGroup;
			children = (
				A214A3561FF4A0630099C245 /* Base */,
			);
			name = LaunchScreen.storyboard;
			sourceTree = "<group>";
		};
/* End PBXVariantGroup section */

/* Begin XCBuildConfiguration section */
		A214A36F1FF4A0630099C245 /* Debug */ = {
			isa = XCBuildConfiguration;
			buildSettings = {
				ALWAYS_SEARCH_USER_PATHS = NO;
				CLANG_ANALYZER_NONNULL = YES;
				CLANG_ANALYZER_NUMBER_OBJECT_CONVERSION = YES_AGGRESSIVE;
				CLANG_CXX_LANGUAGE_STANDARD = "gnu++14";
				CLANG_CXX_LIBRARY = "libc++";
				CLANG_ENABLE_MODULES = YES;
				CLANG_ENABLE_OBJC_ARC = YES;
				CLANG_WARN_BLOCK_CAPTURE_AUTORELEASING = YES;
				CLANG_WARN_BOOL_CONVERSION = YES;
				CLANG_WARN_COMMA = YES;
				CLANG_WARN_CONSTANT_CONVERSION = YES;
				CLANG_WARN_DIRECT_OBJC_ISA_USAGE = YES_ERROR;
				CLANG_WARN_DOCUMENTATION_COMMENTS = YES;
				CLANG_WARN_EMPTY_BODY = YES;
				CLANG_WARN_ENUM_CONVERSION = YES;
				CLANG_WARN_INFINITE_RECURSION = YES;
				CLANG_WARN_INT_CONVERSION = YES;
				CLANG_WARN_NON_LITERAL_NULL_CONVERSION = YES;
				CLANG_WARN_OBJC_LITERAL_CONVERSION = YES;
				CLANG_WARN_OBJC_ROOT_CLASS = YES_ERROR;
				CLANG_WARN_RANGE_LOOP_ANALYSIS = YES;
				CLANG_WARN_STRICT_PROTOTYPES = YES;
				CLANG_WARN_SUSPICIOUS_MOVE = YES;
				CLANG_WARN_UNGUARDED_AVAILABILITY = YES_AGGRESSIVE;
				CLANG_WARN_UNREACHABLE_CODE = YES;
				CLANG_WARN__DUPLICATE_METHOD_MATCH = YES;
				CODE_SIGN_IDENTITY = "iPhone Developer";
				COPY_PHASE_STRIP = NO;
				DEBUG_INFORMATION_FORMAT = dwarf;
				ENABLE_STRICT_OBJC_MSGSEND = YES;
				ENABLE_TESTABILITY = YES;
				GCC_C_LANGUAGE_STANDARD = gnu11;
				GCC_DYNAMIC_NO_PIC = NO;
				GCC_NO_COMMON_BLOCKS = YES;
				GCC_OPTIMIZATION_LEVEL = 0;
				GCC_PREPROCESSOR_DEFINITIONS = (
					"DEBUG=1",
					"$(inherited)",
				);
				GCC_WARN_64_TO_32_BIT_CONVERSION = YES;
				GCC_WARN_ABOUT_RETURN_TYPE = YES_ERROR;
				GCC_WARN_UNDECLARED_SELECTOR = YES;
				GCC_WARN_UNINITIALIZED_AUTOS = YES_AGGRESSIVE;
				GCC_WARN_UNUSED_FUNCTION = YES;
				GCC_WARN_UNUSED_VARIABLE = YES;
				IPHONEOS_DEPLOYMENT_TARGET = 11.2;
				MTL_ENABLE_DEBUG_INFO = YES;
				ONLY_ACTIVE_ARCH = YES;
				SDKROOT = iphoneos;
				SWIFT_ACTIVE_COMPILATION_CONDITIONS = DEBUG;
				SWIFT_OPTIMIZATION_LEVEL = "-Onone";
			};
			name = Debug;
		};
		A214A3701FF4A0630099C245 /* Release */ = {
			isa = XCBuildConfiguration;
			buildSettings = {
				ALWAYS_SEARCH_USER_PATHS = NO;
				CLANG_ANALYZER_NONNULL = YES;
				CLANG_ANALYZER_NUMBER_OBJECT_CONVERSION = YES_AGGRESSIVE;
				CLANG_CXX_LANGUAGE_STANDARD = "gnu++14";
				CLANG_CXX_LIBRARY = "libc++";
				CLANG_ENABLE_MODULES = YES;
				CLANG_ENABLE_OBJC_ARC = YES;
				CLANG_WARN_BLOCK_CAPTURE_AUTORELEASING = YES;
				CLANG_WARN_BOOL_CONVERSION = YES;
				CLANG_WARN_COMMA = YES;
				CLANG_WARN_CONSTANT_CONVERSION = YES;
				CLANG_WARN_DIRECT_OBJC_ISA_USAGE = YES_ERROR;
				CLANG_WARN_DOCUMENTATION_COMMENTS = YES;
				CLANG_WARN_EMPTY_BODY = YES;
				CLANG_WARN_ENUM_CONVERSION = YES;
				CLANG_WARN_INFINITE_RECURSION = YES;
				CLANG_WARN_INT_CONVERSION = YES;
				CLANG_WARN_NON_LITERAL_NULL_CONVERSION = YES;
				CLANG_WARN_OBJC_LITERAL_CONVERSION = YES;
				CLANG_WARN_OBJC_ROOT_CLASS = YES_ERROR;
				CLANG_WARN_RANGE_LOOP_ANALYSIS = YES;
				CLANG_WARN_STRICT_PROTOTYPES = YES;
				CLANG_WARN_SUSPICIOUS_MOVE = YES;
				CLANG_WARN_UNGUARDED_AVAILABILITY = YES_AGGRESSIVE;
				CLANG_WARN_UNREACHABLE_CODE = YES;
				CLANG_WARN__DUPLICATE_METHOD_MATCH = YES;
				CODE_SIGN_IDENTITY = "iPhone Developer";
				COPY_PHASE_STRIP = NO;
				DEBUG_INFORMATION_FORMAT = "dwarf-with-dsym";
				ENABLE_NS_ASSERTIONS = NO;
				ENABLE_STRICT_OBJC_MSGSEND = YES;
				GCC_C_LANGUAGE_STANDARD = gnu11;
				GCC_NO_COMMON_BLOCKS = YES;
				GCC_WARN_64_TO_32_BIT_CONVERSION = YES;
				GCC_WARN_ABOUT_RETURN_TYPE = YES_ERROR;
				GCC_WARN_UNDECLARED_SELECTOR = YES;
				GCC_WARN_UNINITIALIZED_AUTOS = YES_AGGRESSIVE;
				GCC_WARN_UNUSED_FUNCTION = YES;
				GCC_WARN_UNUSED_VARIABLE = YES;
				IPHONEOS_DEPLOYMENT_TARGET = 11.2;
				MTL_ENABLE_DEBUG_INFO = NO;
				SDKROOT = iphoneos;
				SWIFT_OPTIMIZATION_LEVEL = "-Owholemodule";
				VALIDATE_PRODUCT = YES;
			};
			name = Release;
		};
		A214A3721FF4A0630099C245 /* Debug */ = {
			isa = XCBuildConfiguration;
			buildSettings = {
				ASSETCATALOG_COMPILER_APPICON_NAME = AppIcon;
				CODE_SIGN_STYLE = Automatic;
				INFOPLIST_FILE = tippy/Info.plist;
				LD_RUNPATH_SEARCH_PATHS = "$(inherited) @executable_path/Frameworks";
				PRODUCT_BUNDLE_IDENTIFIER = com.codepath.tippy;
				PRODUCT_NAME = "$(TARGET_NAME)";
				SWIFT_VERSION = 4.0;
				TARGETED_DEVICE_FAMILY = "1,2";
			};
			name = Debug;
		};
		A214A3731FF4A0630099C245 /* Release */ = {
			isa = XCBuildConfiguration;
			buildSettings = {
				ASSETCATALOG_COMPILER_APPICON_NAME = AppIcon;
				CODE_SIGN_STYLE = Automatic;
				INFOPLIST_FILE = tippy/Info.plist;
				LD_RUNPATH_SEARCH_PATHS = "$(inherited) @executable_path/Frameworks";
				PRODUCT_BUNDLE_IDENTIFIER = com.codepath.tippy;
				PRODUCT_NAME = "$(TARGET_NAME)";
				SWIFT_VERSION = 4.0;
				TARGETED_DEVICE_FAMILY = "1,2";
			};
			name = Release;
		};
		A214A3751FF4A0630099C245 /* Debug */ = {
			isa = XCBuildConfiguration;
			buildSettings = {
				ALWAYS_EMBED_SWIFT_STANDARD_LIBRARIES = YES;
				BUNDLE_LOADER = "$(TEST_HOST)";
				CODE_SIGN_STYLE = Automatic;
				INFOPLIST_FILE = tippyTests/Info.plist;
				LD_RUNPATH_SEARCH_PATHS = "$(inherited) @executable_path/Frameworks @loader_path/Frameworks";
				PRODUCT_BUNDLE_IDENTIFIER = com.codepath.tippyTests;
				PRODUCT_NAME = "$(TARGET_NAME)";
				SWIFT_VERSION = 4.0;
				TARGETED_DEVICE_FAMILY = "1,2";
				TEST_HOST = "$(BUILT_PRODUCTS_DIR)/tippy.app/tippy";
			};
			name = Debug;
		};
		A214A3761FF4A0630099C245 /* Release */ = {
			isa = XCBuildConfiguration;
			buildSettings = {
				ALWAYS_EMBED_SWIFT_STANDARD_LIBRARIES = YES;
				BUNDLE_LOADER = "$(TEST_HOST)";
				CODE_SIGN_STYLE = Automatic;
				INFOPLIST_FILE = tippyTests/Info.plist;
				LD_RUNPATH_SEARCH_PATHS = "$(inherited) @executable_path/Frameworks @loader_path/Frameworks";
				PRODUCT_BUNDLE_IDENTIFIER = com.codepath.tippyTests;
				PRODUCT_NAME = "$(TARGET_NAME)";
				SWIFT_VERSION = 4.0;
				TARGETED_DEVICE_FAMILY = "1,2";
				TEST_HOST = "$(BUILT_PRODUCTS_DIR)/tippy.app/tippy";
			};
			name = Release;
		};
		A214A3781FF4A0630099C245 /* Debug */ = {
			isa = XCBuildConfiguration;
			buildSettings = {
				ALWAYS_EMBED_SWIFT_STANDARD_LIBRARIES = YES;
				CODE_SIGN_STYLE = Automatic;
				INFOPLIST_FILE = tippyUITests/Info.plist;
				LD_RUNPATH_SEARCH_PATHS = "$(inherited) @executable_path/Frameworks @loader_path/Frameworks";
				PRODUCT_BUNDLE_IDENTIFIER = com.codepath.tippyUITests;
				PRODUCT_NAME = "$(TARGET_NAME)";
				SWIFT_VERSION = 4.0;
				TARGETED_DEVICE_FAMILY = "1,2";
				TEST_TARGET_NAME = tippy;
			};
			name = Debug;
		};
		A214A3791FF4A0630099C245 /* Release */ = {
			isa = XCBuildConfiguration;
			buildSettings = {
				ALWAYS_EMBED_SWIFT_STANDARD_LIBRARIES = YES;
				CODE_SIGN_STYLE = Automatic;
				INFOPLIST_FILE = tippyUITests/Info.plist;
				LD_RUNPATH_SEARCH_PATHS = "$(inherited) @executable_path/Frameworks @loader_path/Frameworks";
				PRODUCT_BUNDLE_IDENTIFIER = com.codepath.tippyUITests;
				PRODUCT_NAME = "$(TARGET_NAME)";
				SWIFT_VERSION = 4.0;
				TARGETED_DEVICE_FAMILY = "1,2";
				TEST_TARGET_NAME = tippy;
			};
			name = Release;
		};
/* End XCBuildConfiguration section */

/* Begin XCConfigurationList section */
		A214A3441FF4A0630099C245 /* Build configuration list for PBXProject "tippy" */ = {
			isa = XCConfigurationList;
			buildConfigurations = (
				A214A36F1FF4A0630099C245 /* Debug */,
				A214A3701FF4A0630099C245 /* Release */,
			);
			defaultConfigurationIsVisible = 0;
			defaultConfigurationName = Release;
		};
		A214A3711FF4A0630099C245 /* Build configuration list for PBXNativeTarget "tippy" */ = {
			isa = XCConfigurationList;
			buildConfigurations = (
				A214A3721FF4A0630099C245 /* Debug */,
				A214A3731FF4A0630099C245 /* Release */,
			);
			defaultConfigurationIsVisible = 0;
			defaultConfigurationName = Release;
		};
		A214A3741FF4A0630099C245 /* Build configuration list for PBXNativeTarget "tippyTests" */ = {
			isa = XCConfigurationList;
			buildConfigurations = (
				A214A3751FF4A0630099C245 /* Debug */,
				A214A3761FF4A0630099C245 /* Release */,
			);
			defaultConfigurationIsVisible = 0;
			defaultConfigurationName = Release;
		};
		A214A3771FF4A0630099C245 /* Build configuration list for PBXNativeTarget "tippyUITests" */ = {
			isa = XCConfigurationList;
			buildConfigurations = (
				A214A3781FF4A0630099C245 /* Debug */,
				A214A3791FF4A0630099C245 /* Release */,
			);
			defaultConfigurationIsVisible = 0;
			defaultConfigurationName = Release;
		};
/* End XCConfigurationList section */
	};
	rootObject = A214A3411FF4A0630099C245 /* Project object */;
}
